
Microsoft Visual Studio Solution File, Format Version 12.00
# Visual Studio Version 17
VisualStudioVersion = 17.4.33103.184
MinimumVisualStudioVersion = 10.0.40219.1
Project("{FAE04EC0-301F-11D3-BF4B-00C04F79EFBC}") = "UnLock.Me", "UnLock.Me\UnLock.Me.csproj", "{F2BD1B07-EBA3-4089-A8A2-DB6B8E64714D}"
EndProject
Global
	GlobalSection(SolutionConfigurationPlatforms) = preSolution
		Debug|Any CPU = Debug|Any CPU
		Release|Any CPU = Release|Any CPU
	EndGlobalSection
	GlobalSection(ProjectConfigurationPlatforms) = postSolution
		{F2BD1B07-EBA3-4089-A8A2-DB6B8E64714D}.Debug|Any CPU.ActiveCfg = Debug|Any CPU
		{F2BD1B07-EBA3-4089-A8A2-DB6B8E64714D}.Debug|Any CPU.Build.0 = Debug|Any CPU
		{F2BD1B07-EBA3-4089-A8A2-DB6B8E64714D}.Release|Any CPU.ActiveCfg = Release|Any CPU
		{F2BD1B07-EBA3-4089-A8A2-DB6B8E64714D}.Release|Any CPU.Build.0 = Release|Any CPU
	EndGlobalSection
	GlobalSection(SolutionProperties) = preSolution
		HideSolutionNode = FALSE
	EndGlobalSection
	GlobalSection(ExtensibilityGlobals) = postSolution
		SolutionGuid = {8136CE8E-EFD7-4884-9C8F-BA02FAAC1F9C}
	EndGlobalSection
EndGlobal
